
Microsoft Visual Studio Solution File, Format Version 12.00
# Visual Studio Version 17
VisualStudioVersion = 17.4.33213.308
MinimumVisualStudioVersion = 10.0.40219.1
Project("{FAE04EC0-301F-11D3-BF4B-00C04F79EFBC}") = "FourSistersAndTheDuckBear", "FourSistersAndTheDuckBear.csproj", "{0A731229-D56F-4250-B9AD-6363524468E6}"
EndProject
Global
	GlobalSection(SolutionConfigurationPlatforms) = preSolution
		Debug|Any CPU = Debug|Any CPU
		Release|Any CPU = Release|Any CPU
	EndGlobalSection
	GlobalSection(ProjectConfigurationPlatforms) = postSolution
		{0A731229-D56F-4250-B9AD-6363524468E6}.Debug|Any CPU.ActiveCfg = Debug|Any CPU
		{0A731229-D56F-4250-B9AD-6363524468E6}.Debug|Any CPU.Build.0 = Debug|Any CPU
		{0A731229-D56F-4250-B9AD-6363524468E6}.Release|Any CPU.ActiveCfg = Release|Any CPU
		{0A731229-D56F-4250-B9AD-6363524468E6}.Release|Any CPU.Build.0 = Release|Any CPU
	EndGlobalSection
	GlobalSection(SolutionProperties) = preSolution
		HideSolutionNode = FALSE
	EndGlobalSection
	GlobalSection(ExtensibilityGlobals) = postSolution
		SolutionGuid = {C9658B8A-AA21-4A17-867A-C28FE3C8284D}
	EndGlobalSection
EndGlobal
