
Microsoft Visual Studio Solution File, Format Version 12.00
# Visual Studio Version 17
VisualStudioVersion = 17.4.33213.308
MinimumVisualStudioVersion = 10.0.40219.1
Project("{FAE04EC0-301F-11D3-BF4B-00C04F79EFBC}") = "ThingNamer3000", "ThingNamer3000.csproj", "{7C500951-DD90-44DD-8B54-C54F23EABC31}"
EndProject
Global
	GlobalSection(SolutionConfigurationPlatforms) = preSolution
		Debug|Any CPU = Debug|Any CPU
		Release|Any CPU = Release|Any CPU
	EndGlobalSection
	GlobalSection(ProjectConfigurationPlatforms) = postSolution
		{7C500951-DD90-44DD-8B54-C54F23EABC31}.Debug|Any CPU.ActiveCfg = Debug|Any CPU
		{7C500951-DD90-44DD-8B54-C54F23EABC31}.Debug|Any CPU.Build.0 = Debug|Any CPU
		{7C500951-DD90-44DD-8B54-C54F23EABC31}.Release|Any CPU.ActiveCfg = Release|Any CPU
		{7C500951-DD90-44DD-8B54-C54F23EABC31}.Release|Any CPU.Build.0 = Release|Any CPU
	EndGlobalSection
	GlobalSection(SolutionProperties) = preSolution
		HideSolutionNode = FALSE
	EndGlobalSection
	GlobalSection(ExtensibilityGlobals) = postSolution
		SolutionGuid = {F3CD693D-44FD-4A13-880D-161C867A5C99}
	EndGlobalSection
EndGlobal
