
Microsoft Visual Studio Solution File, Format Version 12.00
# Visual Studio Version 17
VisualStudioVersion = 17.4.33213.308
MinimumVisualStudioVersion = 10.0.40219.1
Project("{FAE04EC0-301F-11D3-BF4B-00C04F79EFBC}") = "BuyingInventory", "BuyingInventory.csproj", "{7E52F55A-326B-46F3-8D61-C634E700C3B3}"
EndProject
Global
	GlobalSection(SolutionConfigurationPlatforms) = preSolution
		Debug|Any CPU = Debug|Any CPU
		Release|Any CPU = Release|Any CPU
	EndGlobalSection
	GlobalSection(ProjectConfigurationPlatforms) = postSolution
		{7E52F55A-326B-46F3-8D61-C634E700C3B3}.Debug|Any CPU.ActiveCfg = Debug|Any CPU
		{7E52F55A-326B-46F3-8D61-C634E700C3B3}.Debug|Any CPU.Build.0 = Debug|Any CPU
		{7E52F55A-326B-46F3-8D61-C634E700C3B3}.Release|Any CPU.ActiveCfg = Release|Any CPU
		{7E52F55A-326B-46F3-8D61-C634E700C3B3}.Release|Any CPU.Build.0 = Release|Any CPU
	EndGlobalSection
	GlobalSection(SolutionProperties) = preSolution
		HideSolutionNode = FALSE
	EndGlobalSection
	GlobalSection(ExtensibilityGlobals) = postSolution
		SolutionGuid = {E005990E-2B69-4443-9875-2F31E8AF0835}
	EndGlobalSection
EndGlobal
